
Microsoft Visual Studio Solution File, Format Version 12.00
# Visual Studio Version 17
VisualStudioVersion = 17.2.32526.322
MinimumVisualStudioVersion = 10.0.40219.1
Project("{2150E333-8FDC-42A3-9474-1A3956D46DE8}") = "Services", "Services", "{D2CD09CD-7713-412A-8ED3-080843CA8BEF}"
EndProject
Project("{2150E333-8FDC-42A3-9474-1A3956D46DE8}") = "Catalog", "Catalog", "{A033C21E-5B1A-4D2E-AF4D-B9D4DA945265}"
EndProject
Project("{9A19103F-16F7-4668-BE54-9A1E7A4F7556}") = "Catalog.API", "Services\Catalog\Catalog.API\Catalog.API.csproj", "{E1A091E4-44C7-43D2-946E-CE4790AB6ABF}"
EndProject
Project("{E53339B2-1760-4266-BCC7-CA923CBCF16C}") = "docker-compose", "docker-compose.dcproj", "{FF507EBB-AF4A-429C-8502-A4A69461BB27}"
EndProject
Project("{2150E333-8FDC-42A3-9474-1A3956D46DE8}") = "Basket", "Basket", "{BAA79D02-8A38-4917-A40E-E28D57CD5B34}"
EndProject
Project("{9A19103F-16F7-4668-BE54-9A1E7A4F7556}") = "Basket.API", "Services\Basket\Basket.API\Basket.API.csproj", "{0619EF9A-49B3-49CE-9239-A7F931305218}"
EndProject
Project("{2150E333-8FDC-42A3-9474-1A3956D46DE8}") = "Discount", "Discount", "{A8B7D3F5-1065-429E-94D5-6016176420C3}"
EndProject
Project("{9A19103F-16F7-4668-BE54-9A1E7A4F7556}") = "Discount.API", "Services\Discount\Discount.API\Discount.API.csproj", "{FDD80D45-33D4-4A86-A631-CF9985A2EBA6}"
EndProject
Project("{9A19103F-16F7-4668-BE54-9A1E7A4F7556}") = "Discount.GRPC", "Services\Discount\Discount.GRPC\Discount.GRPC.csproj", "{9E6456FD-78E8-4603-A8C6-6C80BDC23195}"
EndProject
Project("{2150E333-8FDC-42A3-9474-1A3956D46DE8}") = "Ordering", "Ordering", "{628E45E7-948B-4894-BC6B-CD43DC5FAA66}"
EndProject
Project("{FAE04EC0-301F-11D3-BF4B-00C04F79EFBC}") = "Ordering.API", "Services\Ordering\Ordering.API\Ordering.API.csproj", "{862CE3CE-E5FF-4410-8D97-207D4EFFE34D}"
EndProject
Project("{FAE04EC0-301F-11D3-BF4B-00C04F79EFBC}") = "Ordering.Domain", "Services\Ordering\Ordering.Domain\Ordering.Domain\Ordering.Domain.csproj", "{76ED9E03-6556-467D-BC11-0030F9785479}"
EndProject
Project("{FAE04EC0-301F-11D3-BF4B-00C04F79EFBC}") = "Ordering.Application", "Services\Ordering\Ordering.Application\Ordering.Application\Ordering.Application.csproj", "{EA0371E8-F372-4224-95E5-05D6A8BEFE93}"
EndProject
Project("{FAE04EC0-301F-11D3-BF4B-00C04F79EFBC}") = "Ordering.Infrastructure", "Services\Ordering\Ordering.Infrastructure\Ordering.Infrastructure\Ordering.Infrastructure.csproj", "{E5A9ABA9-F812-4BD8-8FDB-C8627C4870B5}"
EndProject
Global
	GlobalSection(SolutionConfigurationPlatforms) = preSolution
		Debug|Any CPU = Debug|Any CPU
		Release|Any CPU = Release|Any CPU
	EndGlobalSection
	GlobalSection(ProjectConfigurationPlatforms) = postSolution
		{E1A091E4-44C7-43D2-946E-CE4790AB6ABF}.Debug|Any CPU.ActiveCfg = Debug|Any CPU
		{E1A091E4-44C7-43D2-946E-CE4790AB6ABF}.Debug|Any CPU.Build.0 = Debug|Any CPU
		{E1A091E4-44C7-43D2-946E-CE4790AB6ABF}.Release|Any CPU.ActiveCfg = Release|Any CPU
		{E1A091E4-44C7-43D2-946E-CE4790AB6ABF}.Release|Any CPU.Build.0 = Release|Any CPU
		{FF507EBB-AF4A-429C-8502-A4A69461BB27}.Debug|Any CPU.ActiveCfg = Debug|Any CPU
		{FF507EBB-AF4A-429C-8502-A4A69461BB27}.Debug|Any CPU.Build.0 = Debug|Any CPU
		{FF507EBB-AF4A-429C-8502-A4A69461BB27}.Release|Any CPU.ActiveCfg = Release|Any CPU
		{FF507EBB-AF4A-429C-8502-A4A69461BB27}.Release|Any CPU.Build.0 = Release|Any CPU
		{0619EF9A-49B3-49CE-9239-A7F931305218}.Debug|Any CPU.ActiveCfg = Debug|Any CPU
		{0619EF9A-49B3-49CE-9239-A7F931305218}.Debug|Any CPU.Build.0 = Debug|Any CPU
		{0619EF9A-49B3-49CE-9239-A7F931305218}.Release|Any CPU.ActiveCfg = Release|Any CPU
		{0619EF9A-49B3-49CE-9239-A7F931305218}.Release|Any CPU.Build.0 = Release|Any CPU
		{FDD80D45-33D4-4A86-A631-CF9985A2EBA6}.Debug|Any CPU.ActiveCfg = Debug|Any CPU
		{FDD80D45-33D4-4A86-A631-CF9985A2EBA6}.Debug|Any CPU.Build.0 = Debug|Any CPU
		{FDD80D45-33D4-4A86-A631-CF9985A2EBA6}.Release|Any CPU.ActiveCfg = Release|Any CPU
		{FDD80D45-33D4-4A86-A631-CF9985A2EBA6}.Release|Any CPU.Build.0 = Release|Any CPU
		{9E6456FD-78E8-4603-A8C6-6C80BDC23195}.Debug|Any CPU.ActiveCfg = Debug|Any CPU
		{9E6456FD-78E8-4603-A8C6-6C80BDC23195}.Debug|Any CPU.Build.0 = Debug|Any CPU
		{9E6456FD-78E8-4603-A8C6-6C80BDC23195}.Release|Any CPU.ActiveCfg = Release|Any CPU
		{9E6456FD-78E8-4603-A8C6-6C80BDC23195}.Release|Any CPU.Build.0 = Release|Any CPU
		{862CE3CE-E5FF-4410-8D97-207D4EFFE34D}.Debug|Any CPU.ActiveCfg = Debug|Any CPU
		{862CE3CE-E5FF-4410-8D97-207D4EFFE34D}.Debug|Any CPU.Build.0 = Debug|Any CPU
		{862CE3CE-E5FF-4410-8D97-207D4EFFE34D}.Release|Any CPU.ActiveCfg = Release|Any CPU
		{862CE3CE-E5FF-4410-8D97-207D4EFFE34D}.Release|Any CPU.Build.0 = Release|Any CPU
		{76ED9E03-6556-467D-BC11-0030F9785479}.Debug|Any CPU.ActiveCfg = Debug|Any CPU
		{76ED9E03-6556-467D-BC11-0030F9785479}.Debug|Any CPU.Build.0 = Debug|Any CPU
		{76ED9E03-6556-467D-BC11-0030F9785479}.Release|Any CPU.ActiveCfg = Release|Any CPU
		{76ED9E03-6556-467D-BC11-0030F9785479}.Release|Any CPU.Build.0 = Release|Any CPU
		{EA0371E8-F372-4224-95E5-05D6A8BEFE93}.Debug|Any CPU.ActiveCfg = Debug|Any CPU
		{EA0371E8-F372-4224-95E5-05D6A8BEFE93}.Debug|Any CPU.Build.0 = Debug|Any CPU
		{EA0371E8-F372-4224-95E5-05D6A8BEFE93}.Release|Any CPU.ActiveCfg = Release|Any CPU
		{EA0371E8-F372-4224-95E5-05D6A8BEFE93}.Release|Any CPU.Build.0 = Release|Any CPU
		{E5A9ABA9-F812-4BD8-8FDB-C8627C4870B5}.Debug|Any CPU.ActiveCfg = Debug|Any CPU
		{E5A9ABA9-F812-4BD8-8FDB-C8627C4870B5}.Debug|Any CPU.Build.0 = Debug|Any CPU
		{E5A9ABA9-F812-4BD8-8FDB-C8627C4870B5}.Release|Any CPU.ActiveCfg = Release|Any CPU
		{E5A9ABA9-F812-4BD8-8FDB-C8627C4870B5}.Release|Any CPU.Build.0 = Release|Any CPU
	EndGlobalSection
	GlobalSection(SolutionProperties) = preSolution
		HideSolutionNode = FALSE
	EndGlobalSection
	GlobalSection(NestedProjects) = preSolution
		{A033C21E-5B1A-4D2E-AF4D-B9D4DA945265} = {D2CD09CD-7713-412A-8ED3-080843CA8BEF}
		{E1A091E4-44C7-43D2-946E-CE4790AB6ABF} = {A033C21E-5B1A-4D2E-AF4D-B9D4DA945265}
		{BAA79D02-8A38-4917-A40E-E28D57CD5B34} = {D2CD09CD-7713-412A-8ED3-080843CA8BEF}
		{0619EF9A-49B3-49CE-9239-A7F931305218} = {BAA79D02-8A38-4917-A40E-E28D57CD5B34}
		{A8B7D3F5-1065-429E-94D5-6016176420C3} = {D2CD09CD-7713-412A-8ED3-080843CA8BEF}
		{FDD80D45-33D4-4A86-A631-CF9985A2EBA6} = {A8B7D3F5-1065-429E-94D5-6016176420C3}
		{9E6456FD-78E8-4603-A8C6-6C80BDC23195} = {A8B7D3F5-1065-429E-94D5-6016176420C3}
		{628E45E7-948B-4894-BC6B-CD43DC5FAA66} = {D2CD09CD-7713-412A-8ED3-080843CA8BEF}
		{862CE3CE-E5FF-4410-8D97-207D4EFFE34D} = {628E45E7-948B-4894-BC6B-CD43DC5FAA66}
		{76ED9E03-6556-467D-BC11-0030F9785479} = {628E45E7-948B-4894-BC6B-CD43DC5FAA66}
		{EA0371E8-F372-4224-95E5-05D6A8BEFE93} = {628E45E7-948B-4894-BC6B-CD43DC5FAA66}
		{E5A9ABA9-F812-4BD8-8FDB-C8627C4870B5} = {628E45E7-948B-4894-BC6B-CD43DC5FAA66}
	EndGlobalSection
	GlobalSection(ExtensibilityGlobals) = postSolution
		SolutionGuid = {D8702328-3C5F-4099-82C1-E2EFCB3EC500}
	EndGlobalSection
EndGlobal
